
Microsoft Visual Studio Solution File, Format Version 12.00
# Visual Studio Version 16
VisualStudioVersion = 16.0.30114.105
MinimumVisualStudioVersion = 10.0.40219.1
Project("{FAE04EC0-301F-11D3-BF4B-00C04F79EFBC}") = "LibraryAPI", "LibraryAPI\LibraryAPI.csproj", "{D464F533-D4DD-49F9-A166-8DA0576D9A54}"
EndProject
Global
	GlobalSection(SolutionConfigurationPlatforms) = preSolution
		Debug|Any CPU = Debug|Any CPU
		Release|Any CPU = Release|Any CPU
	EndGlobalSection
	GlobalSection(ProjectConfigurationPlatforms) = postSolution
		{D464F533-D4DD-49F9-A166-8DA0576D9A54}.Debug|Any CPU.ActiveCfg = Debug|Any CPU
		{D464F533-D4DD-49F9-A166-8DA0576D9A54}.Debug|Any CPU.Build.0 = Debug|Any CPU
		{D464F533-D4DD-49F9-A166-8DA0576D9A54}.Release|Any CPU.ActiveCfg = Release|Any CPU
		{D464F533-D4DD-49F9-A166-8DA0576D9A54}.Release|Any CPU.Build.0 = Release|Any CPU
	EndGlobalSection
	GlobalSection(SolutionProperties) = preSolution
		HideSolutionNode = FALSE
	EndGlobalSection
	GlobalSection(ExtensibilityGlobals) = postSolution
		SolutionGuid = {FB9EB497-27E3-47F7-BCA1-76AFCE85036E}
	EndGlobalSection
EndGlobal
